
Microsoft Visual Studio Solution File, Format Version 12.00
# Visual Studio Version 16
VisualStudioVersion = 16.0.30711.63
MinimumVisualStudioVersion = 10.0.40219.1
Project("{8BC9CEB8-8B4A-11D0-8D11-00A0C91BC942}") = "UTEngine", "UTEngine\UTEngine.vcxproj", "{D5E6940F-AB92-459C-9129-5686A4CBCCB4}"
EndProject
Project("{8BC9CEB8-8B4A-11D0-8D11-00A0C91BC942}") = "ShaderCompiler", "Thirdparty\ShaderCompiler\ShaderCompiler.vcxproj", "{4DEAE017-3206-4351-BB75-4947D0314829}"
EndProject
Global
	GlobalSection(SolutionConfigurationPlatforms) = preSolution
		Debug|x64 = Debug|x64
		Release|x64 = Release|x64
	EndGlobalSection
	GlobalSection(ProjectConfigurationPlatforms) = postSolution
		{D5E6940F-AB92-459C-9129-5686A4CBCCB4}.Debug|x64.ActiveCfg = Debug|x64
		{D5E6940F-AB92-459C-9129-5686A4CBCCB4}.Debug|x64.Build.0 = Debug|x64
		{D5E6940F-AB92-459C-9129-5686A4CBCCB4}.Release|x64.ActiveCfg = Release|x64
		{D5E6940F-AB92-459C-9129-5686A4CBCCB4}.Release|x64.Build.0 = Release|x64
		{4DEAE017-3206-4351-BB75-4947D0314829}.Debug|x64.ActiveCfg = Debug|x64
		{4DEAE017-3206-4351-BB75-4947D0314829}.Debug|x64.Build.0 = Debug|x64
		{4DEAE017-3206-4351-BB75-4947D0314829}.Release|x64.ActiveCfg = Release|x64
		{4DEAE017-3206-4351-BB75-4947D0314829}.Release|x64.Build.0 = Release|x64
	EndGlobalSection
	GlobalSection(SolutionProperties) = preSolution
		HideSolutionNode = FALSE
	EndGlobalSection
	GlobalSection(ExtensibilityGlobals) = postSolution
		SolutionGuid = {4702A378-F0FE-45A6-A8AB-26C62464F4EA}
	EndGlobalSection
EndGlobal
