<?xml version="1.0" encoding="utf-8"?>
<Project ToolsVersion="4.0" xmlns="http://schemas.microsoft.com/developer/msbuild/2003">
  <ItemGroup>
    <Filter Include="Viewport">
      <UniqueIdentifier>{4b6b2776-c924-41c7-a79a-026d6e58db57}</UniqueIdentifier>
    </Filter>
    <Filter Include="RenderDevice">
      <UniqueIdentifier>{6b028708-7ad5-46d3-a351-1e27b946a7a1}</UniqueIdentifier>
    </Filter>
    <Filter Include="Math">
      <UniqueIdentifier>{b160eb97-01c2-4e73-acb6-9180ed0782a4}</UniqueIdentifier>
    </Filter>
    <Filter Include="Thirdparty">
      <UniqueIdentifier>{55233504-ea22-4134-b57d-2cf89ca137d6}</UniqueIdentifier>
    </Filter>
    <Filter Include="Thirdparty\vk_mem_alloc">
      <UniqueIdentifier>{f8edbca6-068b-411c-8d76-b2962f975bd6}</UniqueIdentifier>
    </Filter>
    <Filter Include="Thirdparty\volk">
      <UniqueIdentifier>{37e98406-c4d2-44e5-bb92-4baf05a290a9}</UniqueIdentifier>
    </Filter>
    <Filter Include="Package">
      <UniqueIdentifier>{8bac631b-86bb-4019-9a49-7fcbab4bf987}</UniqueIdentifier>
    </Filter>
    <Filter Include="UObject">
      <UniqueIdentifier>{9f46652c-b43c-4003-ab8a-15e8f0d0d7f1}</UniqueIdentifier>
    </Filter>
    <Filter Include="RenderDevice\Vulkan">
      <UniqueIdentifier>{383447f3-a7c9-4c00-bf21-359c711c1f1f}</UniqueIdentifier>
    </Filter>
    <Filter Include="Viewport\Win32">
      <UniqueIdentifier>{1dd6dc90-88fe-457a-8c41-cb6a9a8a300c}</UniqueIdentifier>
    </Filter>
    <Filter Include="Thirdparty\dumb">
      <UniqueIdentifier>{0c9b9fbc-3a59-49f5-bc2c-7fa5b1d28a2c}</UniqueIdentifier>
    </Filter>
    <Filter Include="Thirdparty\dumb\src">
      <UniqueIdentifier>{3960a188-52e9-47e2-b95c-e2e0aedda9a4}</UniqueIdentifier>
    </Filter>
    <Filter Include="Thirdparty\dumb\src\core">
      <UniqueIdentifier>{beeca174-4e84-4091-85e1-692828679708}</UniqueIdentifier>
    </Filter>
    <Filter Include="Thirdparty\dumb\src\helpers">
      <UniqueIdentifier>{e0b6325c-2e58-4d11-8c1d-24dfbdd1a1b1}</UniqueIdentifier>
    </Filter>
    <Filter Include="Thirdparty\dumb\src\it">
      <UniqueIdentifier>{caa381ab-9179-4ebf-81cb-dc74309b0ab4}</UniqueIdentifier>
    </Filter>
    <Filter Include="Thirdparty\dumb\include">
      <UniqueIdentifier>{aa364629-b41a-4eb7-9963-915110df5080}</UniqueIdentifier>
    </Filter>
    <Filter Include="Thirdparty\resample">
      <UniqueIdentifier>{3284cfca-9634-4f99-a966-3cd8f18e4452}</UniqueIdentifier>
    </Filter>
    <Filter Include="Audio">
      <UniqueIdentifier>{d1c569a7-720b-4db6-b5e5-d1ab92f5da4e}</UniqueIdentifier>
    </Filter>
    <Filter Include="VM">
      <UniqueIdentifier>{f7b8ee71-9673-46e5-a12c-6996785c23c3}</UniqueIdentifier>
    </Filter>
    <Filter Include="Native">
      <UniqueIdentifier>{4670cb56-6aba-46fd-a2e1-6bbb898e48e8}</UniqueIdentifier>
    </Filter>
    <Filter Include="Renderer">
      <UniqueIdentifier>{5a49917e-af25-4b27-b932-f67d58c2bb4a}</UniqueIdentifier>
    </Filter>
  </ItemGroup>
  <ItemGroup>
    <ClCompile Include="Math\halffloat.cpp">
      <Filter>Math</Filter>
    </ClCompile>
    <ClCompile Include="Math\mat.cpp">
      <Filter>Math</Filter>
    </ClCompile>
    <ClCompile Include="File.cpp" />
    <ClCompile Include="Main.cpp" />
    <ClCompile Include="Precomp.cpp" />
    <ClCompile Include="..\Thirdparty\vk_mem_alloc\vk_mem_alloc.cpp">
      <Filter>Thirdparty\vk_mem_alloc</Filter>
    </ClCompile>
    <ClCompile Include="..\Thirdparty\volk\volk.c">
      <Filter>Thirdparty\volk</Filter>
    </ClCompile>
    <ClCompile Include="Engine.cpp" />
    <ClCompile Include="Package\Package.cpp">
      <Filter>Package</Filter>
    </ClCompile>
    <ClCompile Include="Package\PackageManager.cpp">
      <Filter>Package</Filter>
    </ClCompile>
    <ClCompile Include="Package\PackageStream.cpp">
      <Filter>Package</Filter>
    </ClCompile>
    <ClCompile Include="UObject\UFont.cpp">
      <Filter>UObject</Filter>
    </ClCompile>
    <ClCompile Include="UObject\ULevel.cpp">
      <Filter>UObject</Filter>
    </ClCompile>
    <ClCompile Include="UObject\UMesh.cpp">
      <Filter>UObject</Filter>
    </ClCompile>
    <ClCompile Include="UObject\UObject.cpp">
      <Filter>UObject</Filter>
    </ClCompile>
    <ClCompile Include="UObject\UTexture.cpp">
      <Filter>UObject</Filter>
    </ClCompile>
    <ClCompile Include="Math\FrustumPlanes.cpp">
      <Filter>Math</Filter>
    </ClCompile>
    <ClCompile Include="UObject\UActor.cpp">
      <Filter>UObject</Filter>
    </ClCompile>
    <ClCompile Include="RenderDevice\RenderDevice.cpp">
      <Filter>RenderDevice</Filter>
    </ClCompile>
    <ClCompile Include="RenderDevice\Vulkan\FileResource.cpp">
      <Filter>RenderDevice\Vulkan</Filter>
    </ClCompile>
    <ClCompile Include="RenderDevice\Vulkan\Postprocess.cpp">
      <Filter>RenderDevice\Vulkan</Filter>
    </ClCompile>
    <ClCompile Include="RenderDevice\Vulkan\Renderer.cpp">
      <Filter>RenderDevice\Vulkan</Filter>
    </ClCompile>
    <ClCompile Include="RenderDevice\Vulkan\SceneBuffers.cpp">
      <Filter>RenderDevice\Vulkan</Filter>
    </ClCompile>
    <ClCompile Include="RenderDevice\Vulkan\SceneLights.cpp">
      <Filter>RenderDevice\Vulkan</Filter>
    </ClCompile>
    <ClCompile Include="RenderDevice\Vulkan\SceneRenderPass.cpp">
      <Filter>RenderDevice\Vulkan</Filter>
    </ClCompile>
    <ClCompile Include="RenderDevice\Vulkan\SceneSamplers.cpp">
      <Filter>RenderDevice\Vulkan</Filter>
    </ClCompile>
    <ClCompile Include="RenderDevice\Vulkan\ShadowmapRenderPass.cpp">
      <Filter>RenderDevice\Vulkan</Filter>
    </ClCompile>
    <ClCompile Include="RenderDevice\Vulkan\VulkanBuilders.cpp">
      <Filter>RenderDevice\Vulkan</Filter>
    </ClCompile>
    <ClCompile Include="RenderDevice\Vulkan\VulkanDevice.cpp">
      <Filter>RenderDevice\Vulkan</Filter>
    </ClCompile>
    <ClCompile Include="RenderDevice\Vulkan\VulkanPostprocess.cpp">
      <Filter>RenderDevice\Vulkan</Filter>
    </ClCompile>
    <ClCompile Include="RenderDevice\Vulkan\VulkanRenderDevice.cpp">
      <Filter>RenderDevice\Vulkan</Filter>
    </ClCompile>
    <ClCompile Include="RenderDevice\Vulkan\VulkanSwapChain.cpp">
      <Filter>RenderDevice\Vulkan</Filter>
    </ClCompile>
    <ClCompile Include="RenderDevice\Vulkan\VulkanTexture.cpp">
      <Filter>RenderDevice\Vulkan</Filter>
    </ClCompile>
    <ClCompile Include="Viewport\Viewport.cpp">
      <Filter>Viewport</Filter>
    </ClCompile>
    <ClCompile Include="Viewport\Win32\Win32Viewport.cpp">
      <Filter>Viewport\Win32</Filter>
    </ClCompile>
    <ClCompile Include="UObject\USound.cpp">
      <Filter>UObject</Filter>
    </ClCompile>
    <ClCompile Include="UObject\UMusic.cpp">
      <Filter>UObject</Filter>
    </ClCompile>
    <ClCompile Include="..\Thirdparty\dumb\src\core\atexit.c">
      <Filter>Thirdparty\dumb\src\core</Filter>
    </ClCompile>
    <ClCompile Include="..\Thirdparty\dumb\src\core\duhlen.c">
      <Filter>Thirdparty\dumb\src\core</Filter>
    </ClCompile>
    <ClCompile Include="..\Thirdparty\dumb\src\core\duhtag.c">
      <Filter>Thirdparty\dumb\src\core</Filter>
    </ClCompile>
    <ClCompile Include="..\Thirdparty\dumb\src\core\dumbfile.c">
      <Filter>Thirdparty\dumb\src\core</Filter>
    </ClCompile>
    <ClCompile Include="..\Thirdparty\dumb\src\core\loadduh.c">
      <Filter>Thirdparty\dumb\src\core</Filter>
    </ClCompile>
    <ClCompile Include="..\Thirdparty\dumb\src\core\makeduh.c">
      <Filter>Thirdparty\dumb\src\core</Filter>
    </ClCompile>
    <ClCompile Include="..\Thirdparty\dumb\src\core\rawsig.c">
      <Filter>Thirdparty\dumb\src\core</Filter>
    </ClCompile>
    <ClCompile Include="..\Thirdparty\dumb\src\core\readduh.c">
      <Filter>Thirdparty\dumb\src\core</Filter>
    </ClCompile>
    <ClCompile Include="..\Thirdparty\dumb\src\core\register.c">
      <Filter>Thirdparty\dumb\src\core</Filter>
    </ClCompile>
    <ClCompile Include="..\Thirdparty\dumb\src\core\rendduh.c">
      <Filter>Thirdparty\dumb\src\core</Filter>
    </ClCompile>
    <ClCompile Include="..\Thirdparty\dumb\src\core\rendsig.c">
      <Filter>Thirdparty\dumb\src\core</Filter>
    </ClCompile>
    <ClCompile Include="..\Thirdparty\dumb\src\core\unload.c">
      <Filter>Thirdparty\dumb\src\core</Filter>
    </ClCompile>
    <ClCompile Include="..\Thirdparty\dumb\src\helpers\barray.c">
      <Filter>Thirdparty\dumb\src\helpers</Filter>
    </ClCompile>
    <ClCompile Include="..\Thirdparty\dumb\src\helpers\clickrem.c">
      <Filter>Thirdparty\dumb\src\helpers</Filter>
    </ClCompile>
    <ClCompile Include="..\Thirdparty\dumb\src\helpers\lpc.c">
      <Filter>Thirdparty\dumb\src\helpers</Filter>
    </ClCompile>
    <ClCompile Include="..\Thirdparty\dumb\src\helpers\memfile.c">
      <Filter>Thirdparty\dumb\src\helpers</Filter>
    </ClCompile>
    <ClCompile Include="..\Thirdparty\dumb\src\helpers\resample.c">
      <Filter>Thirdparty\dumb\src\helpers</Filter>
    </ClCompile>
    <ClCompile Include="..\Thirdparty\dumb\src\helpers\resampler.c">
      <Filter>Thirdparty\dumb\src\helpers</Filter>
    </ClCompile>
    <ClCompile Include="..\Thirdparty\dumb\src\helpers\riff.c">
      <Filter>Thirdparty\dumb\src\helpers</Filter>
    </ClCompile>
    <ClCompile Include="..\Thirdparty\dumb\src\helpers\sampbuf.c">
      <Filter>Thirdparty\dumb\src\helpers</Filter>
    </ClCompile>
    <ClCompile Include="..\Thirdparty\dumb\src\helpers\silence.c">
      <Filter>Thirdparty\dumb\src\helpers</Filter>
    </ClCompile>
    <ClCompile Include="..\Thirdparty\dumb\src\helpers\stdfile.c">
      <Filter>Thirdparty\dumb\src\helpers</Filter>
    </ClCompile>
    <ClCompile Include="..\Thirdparty\dumb\src\helpers\tarray.c">
      <Filter>Thirdparty\dumb\src\helpers</Filter>
    </ClCompile>
    <ClCompile Include="..\Thirdparty\dumb\src\it\itload.c">
      <Filter>Thirdparty\dumb\src\it</Filter>
    </ClCompile>
    <ClCompile Include="..\Thirdparty\dumb\src\it\itload2.c">
      <Filter>Thirdparty\dumb\src\it</Filter>
    </ClCompile>
    <ClCompile Include="..\Thirdparty\dumb\src\it\itmisc.c">
      <Filter>Thirdparty\dumb\src\it</Filter>
    </ClCompile>
    <ClCompile Include="..\Thirdparty\dumb\src\it\itorder.c">
      <Filter>Thirdparty\dumb\src\it</Filter>
    </ClCompile>
    <ClCompile Include="..\Thirdparty\dumb\src\it\itread.c">
      <Filter>Thirdparty\dumb\src\it</Filter>
    </ClCompile>
    <ClCompile Include="..\Thirdparty\dumb\src\it\itread2.c">
      <Filter>Thirdparty\dumb\src\it</Filter>
    </ClCompile>
    <ClCompile Include="..\Thirdparty\dumb\src\it\itrender.c">
      <Filter>Thirdparty\dumb\src\it</Filter>
    </ClCompile>
    <ClCompile Include="..\Thirdparty\dumb\src\it\itunload.c">
      <Filter>Thirdparty\dumb\src\it</Filter>
    </ClCompile>
    <ClCompile Include="..\Thirdparty\dumb\src\it\load669.c">
      <Filter>Thirdparty\dumb\src\it</Filter>
    </ClCompile>
    <ClCompile Include="..\Thirdparty\dumb\src\it\load6692.c">
      <Filter>Thirdparty\dumb\src\it</Filter>
    </ClCompile>
    <ClCompile Include="..\Thirdparty\dumb\src\it\loadamf.c">
      <Filter>Thirdparty\dumb\src\it</Filter>
    </ClCompile>
    <ClCompile Include="..\Thirdparty\dumb\src\it\loadamf2.c">
      <Filter>Thirdparty\dumb\src\it</Filter>
    </ClCompile>
    <ClCompile Include="..\Thirdparty\dumb\src\it\loadany.c">
      <Filter>Thirdparty\dumb\src\it</Filter>
    </ClCompile>
    <ClCompile Include="..\Thirdparty\dumb\src\it\loadany2.c">
      <Filter>Thirdparty\dumb\src\it</Filter>
    </ClCompile>
    <ClCompile Include="..\Thirdparty\dumb\src\it\loadasy.c">
      <Filter>Thirdparty\dumb\src\it</Filter>
    </ClCompile>
    <ClCompile Include="..\Thirdparty\dumb\src\it\loadasy2.c">
      <Filter>Thirdparty\dumb\src\it</Filter>
    </ClCompile>
    <ClCompile Include="..\Thirdparty\dumb\src\it\loadmod.c">
      <Filter>Thirdparty\dumb\src\it</Filter>
    </ClCompile>
    <ClCompile Include="..\Thirdparty\dumb\src\it\loadmod2.c">
      <Filter>Thirdparty\dumb\src\it</Filter>
    </ClCompile>
    <ClCompile Include="..\Thirdparty\dumb\src\it\loadmtm.c">
      <Filter>Thirdparty\dumb\src\it</Filter>
    </ClCompile>
    <ClCompile Include="..\Thirdparty\dumb\src\it\loadmtm2.c">
      <Filter>Thirdparty\dumb\src\it</Filter>
    </ClCompile>
    <ClCompile Include="..\Thirdparty\dumb\src\it\loadokt.c">
      <Filter>Thirdparty\dumb\src\it</Filter>
    </ClCompile>
    <ClCompile Include="..\Thirdparty\dumb\src\it\loadokt2.c">
      <Filter>Thirdparty\dumb\src\it</Filter>
    </ClCompile>
    <ClCompile Include="..\Thirdparty\dumb\src\it\loadoldpsm.c">
      <Filter>Thirdparty\dumb\src\it</Filter>
    </ClCompile>
    <ClCompile Include="..\Thirdparty\dumb\src\it\loadoldpsm2.c">
      <Filter>Thirdparty\dumb\src\it</Filter>
    </ClCompile>
    <ClCompile Include="..\Thirdparty\dumb\src\it\loadpsm.c">
      <Filter>Thirdparty\dumb\src\it</Filter>
    </ClCompile>
    <ClCompile Include="..\Thirdparty\dumb\src\it\loadpsm2.c">
      <Filter>Thirdparty\dumb\src\it</Filter>
    </ClCompile>
    <ClCompile Include="..\Thirdparty\dumb\src\it\loadptm.c">
      <Filter>Thirdparty\dumb\src\it</Filter>
    </ClCompile>
    <ClCompile Include="..\Thirdparty\dumb\src\it\loadptm2.c">
      <Filter>Thirdparty\dumb\src\it</Filter>
    </ClCompile>
    <ClCompile Include="..\Thirdparty\dumb\src\it\loadriff.c">
      <Filter>Thirdparty\dumb\src\it</Filter>
    </ClCompile>
    <ClCompile Include="..\Thirdparty\dumb\src\it\loadriff2.c">
      <Filter>Thirdparty\dumb\src\it</Filter>
    </ClCompile>
    <ClCompile Include="..\Thirdparty\dumb\src\it\loads3m.c">
      <Filter>Thirdparty\dumb\src\it</Filter>
    </ClCompile>
    <ClCompile Include="..\Thirdparty\dumb\src\it\loads3m2.c">
      <Filter>Thirdparty\dumb\src\it</Filter>
    </ClCompile>
    <ClCompile Include="..\Thirdparty\dumb\src\it\loadstm.c">
      <Filter>Thirdparty\dumb\src\it</Filter>
    </ClCompile>
    <ClCompile Include="..\Thirdparty\dumb\src\it\loadstm2.c">
      <Filter>Thirdparty\dumb\src\it</Filter>
    </ClCompile>
    <ClCompile Include="..\Thirdparty\dumb\src\it\loadxm.c">
      <Filter>Thirdparty\dumb\src\it</Filter>
    </ClCompile>
    <ClCompile Include="..\Thirdparty\dumb\src\it\loadxm2.c">
      <Filter>Thirdparty\dumb\src\it</Filter>
    </ClCompile>
    <ClCompile Include="..\Thirdparty\dumb\src\it\ptmeffect.c">
      <Filter>Thirdparty\dumb\src\it</Filter>
    </ClCompile>
    <ClCompile Include="..\Thirdparty\dumb\src\it\read669.c">
      <Filter>Thirdparty\dumb\src\it</Filter>
    </ClCompile>
    <ClCompile Include="..\Thirdparty\dumb\src\it\read6692.c">
      <Filter>Thirdparty\dumb\src\it</Filter>
    </ClCompile>
    <ClCompile Include="..\Thirdparty\dumb\src\it\readam.c">
      <Filter>Thirdparty\dumb\src\it</Filter>
    </ClCompile>
    <ClCompile Include="..\Thirdparty\dumb\src\it\readamf.c">
      <Filter>Thirdparty\dumb\src\it</Filter>
    </ClCompile>
    <ClCompile Include="..\Thirdparty\dumb\src\it\readamf2.c">
      <Filter>Thirdparty\dumb\src\it</Filter>
    </ClCompile>
    <ClCompile Include="..\Thirdparty\dumb\src\it\readany.c">
      <Filter>Thirdparty\dumb\src\it</Filter>
    </ClCompile>
    <ClCompile Include="..\Thirdparty\dumb\src\it\readany2.c">
      <Filter>Thirdparty\dumb\src\it</Filter>
    </ClCompile>
    <ClCompile Include="..\Thirdparty\dumb\src\it\readasy.c">
      <Filter>Thirdparty\dumb\src\it</Filter>
    </ClCompile>
    <ClCompile Include="..\Thirdparty\dumb\src\it\readdsmf.c">
      <Filter>Thirdparty\dumb\src\it</Filter>
    </ClCompile>
    <ClCompile Include="..\Thirdparty\dumb\src\it\readmod.c">
      <Filter>Thirdparty\dumb\src\it</Filter>
    </ClCompile>
    <ClCompile Include="..\Thirdparty\dumb\src\it\readmod2.c">
      <Filter>Thirdparty\dumb\src\it</Filter>
    </ClCompile>
    <ClCompile Include="..\Thirdparty\dumb\src\it\readmtm.c">
      <Filter>Thirdparty\dumb\src\it</Filter>
    </ClCompile>
    <ClCompile Include="..\Thirdparty\dumb\src\it\readokt.c">
      <Filter>Thirdparty\dumb\src\it</Filter>
    </ClCompile>
    <ClCompile Include="..\Thirdparty\dumb\src\it\readokt2.c">
      <Filter>Thirdparty\dumb\src\it</Filter>
    </ClCompile>
    <ClCompile Include="..\Thirdparty\dumb\src\it\readoldpsm.c">
      <Filter>Thirdparty\dumb\src\it</Filter>
    </ClCompile>
    <ClCompile Include="..\Thirdparty\dumb\src\it\readpsm.c">
      <Filter>Thirdparty\dumb\src\it</Filter>
    </ClCompile>
    <ClCompile Include="..\Thirdparty\dumb\src\it\readptm.c">
      <Filter>Thirdparty\dumb\src\it</Filter>
    </ClCompile>
    <ClCompile Include="..\Thirdparty\dumb\src\it\readriff.c">
      <Filter>Thirdparty\dumb\src\it</Filter>
    </ClCompile>
    <ClCompile Include="..\Thirdparty\dumb\src\it\reads3m.c">
      <Filter>Thirdparty\dumb\src\it</Filter>
    </ClCompile>
    <ClCompile Include="..\Thirdparty\dumb\src\it\reads3m2.c">
      <Filter>Thirdparty\dumb\src\it</Filter>
    </ClCompile>
    <ClCompile Include="..\Thirdparty\dumb\src\it\readstm.c">
      <Filter>Thirdparty\dumb\src\it</Filter>
    </ClCompile>
    <ClCompile Include="..\Thirdparty\dumb\src\it\readstm2.c">
      <Filter>Thirdparty\dumb\src\it</Filter>
    </ClCompile>
    <ClCompile Include="..\Thirdparty\dumb\src\it\readxm.c">
      <Filter>Thirdparty\dumb\src\it</Filter>
    </ClCompile>
    <ClCompile Include="..\Thirdparty\dumb\src\it\readxm2.c">
      <Filter>Thirdparty\dumb\src\it</Filter>
    </ClCompile>
    <ClCompile Include="..\Thirdparty\dumb\src\it\xmeffect.c">
      <Filter>Thirdparty\dumb\src\it</Filter>
    </ClCompile>
    <ClCompile Include="..\Thirdparty\resample\pffft.cpp">
      <Filter>Thirdparty\resample</Filter>
    </ClCompile>
    <ClCompile Include="..\Thirdparty\resample\r8bbase.cpp">
      <Filter>Thirdparty\resample</Filter>
    </ClCompile>
    <ClCompile Include="Audio\AudioPlayer.cpp">
      <Filter>Audio</Filter>
    </ClCompile>
    <ClCompile Include="Audio\AudioSource.cpp">
      <Filter>Audio</Filter>
    </ClCompile>
    <ClCompile Include="UObject\UTextBuffer.cpp">
      <Filter>UObject</Filter>
    </ClCompile>
    <ClCompile Include="UObject\UClass.cpp">
      <Filter>UObject</Filter>
    </ClCompile>
    <ClCompile Include="UObject\UProperty.cpp">
      <Filter>UObject</Filter>
    </ClCompile>
    <ClCompile Include="VM\Bytecode.cpp">
      <Filter>VM</Filter>
    </ClCompile>
    <ClCompile Include="VM\Frame.cpp">
      <Filter>VM</Filter>
    </ClCompile>
    <ClCompile Include="VM\ExpressionEvaluator.cpp">
      <Filter>VM</Filter>
    </ClCompile>
    <ClCompile Include="VM\NativeFuncExtractor.cpp">
      <Filter>VM</Filter>
    </ClCompile>
    <ClCompile Include="Native\NActor.cpp">
      <Filter>Native</Filter>
    </ClCompile>
    <ClCompile Include="Native\NCanvas.cpp">
      <Filter>Native</Filter>
    </ClCompile>
    <ClCompile Include="Native\NCommandlet.cpp">
      <Filter>Native</Filter>
    </ClCompile>
    <ClCompile Include="Native\NConsole.cpp">
      <Filter>Native</Filter>
    </ClCompile>
    <ClCompile Include="Native\NDecal.cpp">
      <Filter>Native</Filter>
    </ClCompile>
    <ClCompile Include="Native\NGameInfo.cpp">
      <Filter>Native</Filter>
    </ClCompile>
    <ClCompile Include="Native\NLevelInfo.cpp">
      <Filter>Native</Filter>
    </ClCompile>
    <ClCompile Include="Native\NNavigationPoint.cpp">
      <Filter>Native</Filter>
    </ClCompile>
    <ClCompile Include="Native\NObject.cpp">
      <Filter>Native</Filter>
    </ClCompile>
    <ClCompile Include="Native\NPawn.cpp">
      <Filter>Native</Filter>
    </ClCompile>
    <ClCompile Include="Native\NPlayerPawn.cpp">
      <Filter>Native</Filter>
    </ClCompile>
    <ClCompile Include="Native\NScriptedTexture.cpp">
      <Filter>Native</Filter>
    </ClCompile>
    <ClCompile Include="Native\NStatLog.cpp">
      <Filter>Native</Filter>
    </ClCompile>
    <ClCompile Include="Native\NStatLogFile.cpp">
      <Filter>Native</Filter>
    </ClCompile>
    <ClCompile Include="Native\NWarpZoneInfo.cpp">
      <Filter>Native</Filter>
    </ClCompile>
    <ClCompile Include="Native\NZoneInfo.cpp">
      <Filter>Native</Filter>
    </ClCompile>
    <ClCompile Include="VM\NativeFunc.cpp">
      <Filter>VM</Filter>
    </ClCompile>
    <ClCompile Include="UObject\UClient.cpp">
      <Filter>UObject</Filter>
    </ClCompile>
    <ClCompile Include="UObject\NativeObjExtractor.cpp">
      <Filter>UObject</Filter>
    </ClCompile>
    <ClCompile Include="UObject\PropertyOffsets.cpp">
      <Filter>UObject</Filter>
    </ClCompile>
    <ClCompile Include="Math\hsb.cpp">
      <Filter>Math</Filter>
    </ClCompile>
    <ClCompile Include="Collision.cpp" />
    <ClCompile Include="Renderer\BrushRender.cpp">
      <Filter>Renderer</Filter>
    </ClCompile>
    <ClCompile Include="Renderer\CanvasRender.cpp">
      <Filter>Renderer</Filter>
    </ClCompile>
    <ClCompile Include="Renderer\CoronaRender.cpp">
      <Filter>Renderer</Filter>
    </ClCompile>
    <ClCompile Include="Renderer\LightRender.cpp">
      <Filter>Renderer</Filter>
    </ClCompile>
    <ClCompile Include="Renderer\MeshRender.cpp">
      <Filter>Renderer</Filter>
    </ClCompile>
    <ClCompile Include="Renderer\UTRenderer.cpp">
      <Filter>Renderer</Filter>
    </ClCompile>
    <ClCompile Include="Renderer\SceneRender.cpp">
      <Filter>Renderer</Filter>
    </ClCompile>
    <ClCompile Include="Renderer\SpriteRender.cpp">
      <Filter>Renderer</Filter>
    </ClCompile>
  </ItemGroup>
  <ItemGroup>
    <ClInclude Include="Math\halffloat.h">
      <Filter>Math</Filter>
    </ClInclude>
    <ClInclude Include="Math\mat.h">
      <Filter>Math</Filter>
    </ClInclude>
    <ClInclude Include="Math\quaternion.h">
      <Filter>Math</Filter>
    </ClInclude>
    <ClInclude Include="Math\vec.h">
      <Filter>Math</Filter>
    </ClInclude>
    <ClInclude Include="File.h" />
    <ClInclude Include="Precomp.h" />
    <ClInclude Include="..\Thirdparty\vk_mem_alloc\vk_mem_alloc.h">
      <Filter>Thirdparty\vk_mem_alloc</Filter>
    </ClInclude>
    <ClInclude Include="..\Thirdparty\volk\volk.h">
      <Filter>Thirdparty\volk</Filter>
    </ClInclude>
    <ClInclude Include="Engine.h" />
    <ClInclude Include="Package\ObjectFlags.h">
      <Filter>Package</Filter>
    </ClInclude>
    <ClInclude Include="Package\ObjectStream.h">
      <Filter>Package</Filter>
    </ClInclude>
    <ClInclude Include="Package\Package.h">
      <Filter>Package</Filter>
    </ClInclude>
    <ClInclude Include="Package\PackageFlags.h">
      <Filter>Package</Filter>
    </ClInclude>
    <ClInclude Include="Package\PackageManager.h">
      <Filter>Package</Filter>
    </ClInclude>
    <ClInclude Include="Package\PackageStream.h">
      <Filter>Package</Filter>
    </ClInclude>
    <ClInclude Include="UObject\UFont.h">
      <Filter>UObject</Filter>
    </ClInclude>
    <ClInclude Include="UObject\ULevel.h">
      <Filter>UObject</Filter>
    </ClInclude>
    <ClInclude Include="UObject\UMesh.h">
      <Filter>UObject</Filter>
    </ClInclude>
    <ClInclude Include="UObject\UObject.h">
      <Filter>UObject</Filter>
    </ClInclude>
    <ClInclude Include="UObject\UTexture.h">
      <Filter>UObject</Filter>
    </ClInclude>
    <ClInclude Include="Math\bbox.h">
      <Filter>Math</Filter>
    </ClInclude>
    <ClInclude Include="Math\FrustumPlanes.h">
      <Filter>Math</Filter>
    </ClInclude>
    <ClInclude Include="UObject\UActor.h">
      <Filter>UObject</Filter>
    </ClInclude>
    <ClInclude Include="RenderDevice\RenderDevice.h">
      <Filter>RenderDevice</Filter>
    </ClInclude>
    <ClInclude Include="RenderDevice\Vulkan\FileResource.h">
      <Filter>RenderDevice\Vulkan</Filter>
    </ClInclude>
    <ClInclude Include="RenderDevice\Vulkan\PixelBuffer.h">
      <Filter>RenderDevice\Vulkan</Filter>
    </ClInclude>
    <ClInclude Include="RenderDevice\Vulkan\Postprocess.h">
      <Filter>RenderDevice\Vulkan</Filter>
    </ClInclude>
    <ClInclude Include="RenderDevice\Vulkan\Renderer.h">
      <Filter>RenderDevice\Vulkan</Filter>
    </ClInclude>
    <ClInclude Include="RenderDevice\Vulkan\SceneBuffers.h">
      <Filter>RenderDevice\Vulkan</Filter>
    </ClInclude>
    <ClInclude Include="RenderDevice\Vulkan\SceneLights.h">
      <Filter>RenderDevice\Vulkan</Filter>
    </ClInclude>
    <ClInclude Include="RenderDevice\Vulkan\SceneRenderPass.h">
      <Filter>RenderDevice\Vulkan</Filter>
    </ClInclude>
    <ClInclude Include="RenderDevice\Vulkan\SceneSamplers.h">
      <Filter>RenderDevice\Vulkan</Filter>
    </ClInclude>
    <ClInclude Include="RenderDevice\Vulkan\ShadowmapRenderPass.h">
      <Filter>RenderDevice\Vulkan</Filter>
    </ClInclude>
    <ClInclude Include="RenderDevice\Vulkan\VulkanBuilders.h">
      <Filter>RenderDevice\Vulkan</Filter>
    </ClInclude>
    <ClInclude Include="RenderDevice\Vulkan\VulkanDevice.h">
      <Filter>RenderDevice\Vulkan</Filter>
    </ClInclude>
    <ClInclude Include="RenderDevice\Vulkan\VulkanObjects.h">
      <Filter>RenderDevice\Vulkan</Filter>
    </ClInclude>
    <ClInclude Include="RenderDevice\Vulkan\VulkanPostprocess.h">
      <Filter>RenderDevice\Vulkan</Filter>
    </ClInclude>
    <ClInclude Include="RenderDevice\Vulkan\VulkanRenderDevice.h">
      <Filter>RenderDevice\Vulkan</Filter>
    </ClInclude>
    <ClInclude Include="RenderDevice\Vulkan\VulkanSwapChain.h">
      <Filter>RenderDevice\Vulkan</Filter>
    </ClInclude>
    <ClInclude Include="RenderDevice\Vulkan\VulkanTexture.h">
      <Filter>RenderDevice\Vulkan</Filter>
    </ClInclude>
    <ClInclude Include="Viewport\Viewport.h">
      <Filter>Viewport</Filter>
    </ClInclude>
    <ClInclude Include="Viewport\Win32\Win32Viewport.h">
      <Filter>Viewport\Win32</Filter>
    </ClInclude>
    <ClInclude Include="UObject\USound.h">
      <Filter>UObject</Filter>
    </ClInclude>
    <ClInclude Include="UObject\UMusic.h">
      <Filter>UObject</Filter>
    </ClInclude>
    <ClInclude Include="..\Thirdparty\dumb\include\dumb.h">
      <Filter>Thirdparty\dumb\include</Filter>
    </ClInclude>
    <ClInclude Include="..\Thirdparty\dr_flac.h">
      <Filter>Thirdparty</Filter>
    </ClInclude>
    <ClInclude Include="..\Thirdparty\dr_wav.h">
      <Filter>Thirdparty</Filter>
    </ClInclude>
    <ClInclude Include="..\Thirdparty\minimp3.h">
      <Filter>Thirdparty</Filter>
    </ClInclude>
    <ClInclude Include="..\Thirdparty\minimp3_ex.h">
      <Filter>Thirdparty</Filter>
    </ClInclude>
    <ClInclude Include="..\Thirdparty\stb_vorbis.h">
      <Filter>Thirdparty</Filter>
    </ClInclude>
    <ClInclude Include="..\Thirdparty\resample\CDSPBlockConvolver.h">
      <Filter>Thirdparty\resample</Filter>
    </ClInclude>
    <ClInclude Include="..\Thirdparty\resample\CDSPFIRFilter.h">
      <Filter>Thirdparty\resample</Filter>
    </ClInclude>
    <ClInclude Include="..\Thirdparty\resample\CDSPFracInterpolator.h">
      <Filter>Thirdparty\resample</Filter>
    </ClInclude>
    <ClInclude Include="..\Thirdparty\resample\CDSPHBDownsampler.h">
      <Filter>Thirdparty\resample</Filter>
    </ClInclude>
    <ClInclude Include="..\Thirdparty\resample\CDSPHBUpsampler.h">
      <Filter>Thirdparty\resample</Filter>
    </ClInclude>
    <ClInclude Include="..\Thirdparty\resample\CDSPProcessor.h">
      <Filter>Thirdparty\resample</Filter>
    </ClInclude>
    <ClInclude Include="..\Thirdparty\resample\CDSPRealFFT.h">
      <Filter>Thirdparty\resample</Filter>
    </ClInclude>
    <ClInclude Include="..\Thirdparty\resample\CDSPResampler.h">
      <Filter>Thirdparty\resample</Filter>
    </ClInclude>
    <ClInclude Include="..\Thirdparty\resample\CDSPSincFilterGen.h">
      <Filter>Thirdparty\resample</Filter>
    </ClInclude>
    <ClInclude Include="..\Thirdparty\resample\fft4g.h">
      <Filter>Thirdparty\resample</Filter>
    </ClInclude>
    <ClInclude Include="..\Thirdparty\resample\pffft.h">
      <Filter>Thirdparty\resample</Filter>
    </ClInclude>
    <ClInclude Include="..\Thirdparty\resample\r8bbase.h">
      <Filter>Thirdparty\resample</Filter>
    </ClInclude>
    <ClInclude Include="..\Thirdparty\resample\r8bconf.h">
      <Filter>Thirdparty\resample</Filter>
    </ClInclude>
    <ClInclude Include="..\Thirdparty\resample\r8butil.h">
      <Filter>Thirdparty\resample</Filter>
    </ClInclude>
    <ClInclude Include="Audio\AudioPlayer.h">
      <Filter>Audio</Filter>
    </ClInclude>
    <ClInclude Include="Audio\AudioSource.h">
      <Filter>Audio</Filter>
    </ClInclude>
    <ClInclude Include="UObject\UTextBuffer.h">
      <Filter>UObject</Filter>
    </ClInclude>
    <ClInclude Include="UObject\UClass.h">
      <Filter>UObject</Filter>
    </ClInclude>
    <ClInclude Include="UObject\UProperty.h">
      <Filter>UObject</Filter>
    </ClInclude>
    <ClInclude Include="VM\Bytecode.h">
      <Filter>VM</Filter>
    </ClInclude>
    <ClInclude Include="VM\Expression.h">
      <Filter>VM</Filter>
    </ClInclude>
    <ClInclude Include="VM\ExpressionVisitor.h">
      <Filter>VM</Filter>
    </ClInclude>
    <ClInclude Include="VM\ExpressionValue.h">
      <Filter>VM</Filter>
    </ClInclude>
    <ClInclude Include="VM\Frame.h">
      <Filter>VM</Filter>
    </ClInclude>
    <ClInclude Include="VM\ExpressionEvaluator.h">
      <Filter>VM</Filter>
    </ClInclude>
    <ClInclude Include="VM\NativeFuncExtractor.h">
      <Filter>VM</Filter>
    </ClInclude>
    <ClInclude Include="Native\NActor.h">
      <Filter>Native</Filter>
    </ClInclude>
    <ClInclude Include="Native\NCanvas.h">
      <Filter>Native</Filter>
    </ClInclude>
    <ClInclude Include="Native\NCommandlet.h">
      <Filter>Native</Filter>
    </ClInclude>
    <ClInclude Include="Native\NConsole.h">
      <Filter>Native</Filter>
    </ClInclude>
    <ClInclude Include="Native\NDecal.h">
      <Filter>Native</Filter>
    </ClInclude>
    <ClInclude Include="Native\NGameInfo.h">
      <Filter>Native</Filter>
    </ClInclude>
    <ClInclude Include="Native\NLevelInfo.h">
      <Filter>Native</Filter>
    </ClInclude>
    <ClInclude Include="Native\NNavigationPoint.h">
      <Filter>Native</Filter>
    </ClInclude>
    <ClInclude Include="Native\NObject.h">
      <Filter>Native</Filter>
    </ClInclude>
    <ClInclude Include="Native\NPawn.h">
      <Filter>Native</Filter>
    </ClInclude>
    <ClInclude Include="Native\NPlayerPawn.h">
      <Filter>Native</Filter>
    </ClInclude>
    <ClInclude Include="Native\NScriptedTexture.h">
      <Filter>Native</Filter>
    </ClInclude>
    <ClInclude Include="Native\NStatLog.h">
      <Filter>Native</Filter>
    </ClInclude>
    <ClInclude Include="Native\NStatLogFile.h">
      <Filter>Native</Filter>
    </ClInclude>
    <ClInclude Include="Native\NWarpZoneInfo.h">
      <Filter>Native</Filter>
    </ClInclude>
    <ClInclude Include="Native\NZoneInfo.h">
      <Filter>Native</Filter>
    </ClInclude>
    <ClInclude Include="VM\NativeFunc.h">
      <Filter>VM</Filter>
    </ClInclude>
    <ClInclude Include="UObject\UClient.h">
      <Filter>UObject</Filter>
    </ClInclude>
    <ClInclude Include="UObject\NativeObjExtractor.h">
      <Filter>UObject</Filter>
    </ClInclude>
    <ClInclude Include="UObject\PropertyOffsets.h">
      <Filter>UObject</Filter>
    </ClInclude>
    <ClInclude Include="Math\hsb.h">
      <Filter>Math</Filter>
    </ClInclude>
    <ClInclude Include="Collision.h" />
    <ClInclude Include="Renderer\BrushRender.h">
      <Filter>Renderer</Filter>
    </ClInclude>
    <ClInclude Include="Renderer\CanvasRender.h">
      <Filter>Renderer</Filter>
    </ClInclude>
    <ClInclude Include="Renderer\CoronaRender.h">
      <Filter>Renderer</Filter>
    </ClInclude>
    <ClInclude Include="Renderer\LightRender.h">
      <Filter>Renderer</Filter>
    </ClInclude>
    <ClInclude Include="Renderer\MeshRender.h">
      <Filter>Renderer</Filter>
    </ClInclude>
    <ClInclude Include="Renderer\UTRenderer.h">
      <Filter>Renderer</Filter>
    </ClInclude>
    <ClInclude Include="Renderer\SceneRender.h">
      <Filter>Renderer</Filter>
    </ClInclude>
    <ClInclude Include="Renderer\SpriteRender.h">
      <Filter>Renderer</Filter>
    </ClInclude>
  </ItemGroup>
  <ItemGroup>
    <None Include="..\Thirdparty\dumb\src\helpers\resamp2.inc">
      <Filter>Thirdparty\dumb\src\helpers</Filter>
    </None>
    <None Include="..\Thirdparty\dumb\src\helpers\resamp3.inc">
      <Filter>Thirdparty\dumb\src\helpers</Filter>
    </None>
    <None Include="..\Thirdparty\dumb\src\helpers\resample.inc">
      <Filter>Thirdparty\dumb\src\helpers</Filter>
    </None>
  </ItemGroup>
  <ItemGroup>
    <Natvis Include="UTEngine.natvis" />
  </ItemGroup>
</Project>