<?xml version="1.0" encoding="utf-8"?>
<Project ToolsVersion="4.0" xmlns="http://schemas.microsoft.com/developer/msbuild/2003">
  <ItemGroup>
    <Filter Include="Viewport">
      <UniqueIdentifier>{4b6b2776-c924-41c7-a79a-026d6e58db57}</UniqueIdentifier>
    </Filter>
    <Filter Include="RenderDevice">
      <UniqueIdentifier>{6b028708-7ad5-46d3-a351-1e27b946a7a1}</UniqueIdentifier>
    </Filter>
    <Filter Include="Math">
      <UniqueIdentifier>{b160eb97-01c2-4e73-acb6-9180ed0782a4}</UniqueIdentifier>
    </Filter>
    <Filter Include="Thirdparty">
      <UniqueIdentifier>{55233504-ea22-4134-b57d-2cf89ca137d6}</UniqueIdentifier>
    </Filter>
    <Filter Include="Thirdparty\vk_mem_alloc">
      <UniqueIdentifier>{f8edbca6-068b-411c-8d76-b2962f975bd6}</UniqueIdentifier>
    </Filter>
    <Filter Include="Thirdparty\volk">
      <UniqueIdentifier>{37e98406-c4d2-44e5-bb92-4baf05a290a9}</UniqueIdentifier>
    </Filter>
  </ItemGroup>
  <ItemGroup>
    <ClCompile Include="Math\halffloat.cpp">
      <Filter>Math</Filter>
    </ClCompile>
    <ClCompile Include="Math\mat.cpp">
      <Filter>Math</Filter>
    </ClCompile>
    <ClCompile Include="File.cpp" />
    <ClCompile Include="Level.cpp" />
    <ClCompile Include="Main.cpp" />
    <ClCompile Include="Package.cpp" />
    <ClCompile Include="PackageManager.cpp" />
    <ClCompile Include="PackageObject.cpp" />
    <ClCompile Include="Precomp.cpp" />
    <ClCompile Include="TextureManager.cpp" />
    <ClCompile Include="RenderDevice\FileResource.cpp">
      <Filter>RenderDevice</Filter>
    </ClCompile>
    <ClCompile Include="RenderDevice\Postprocess.cpp">
      <Filter>RenderDevice</Filter>
    </ClCompile>
    <ClCompile Include="RenderDevice\Renderer.cpp">
      <Filter>RenderDevice</Filter>
    </ClCompile>
    <ClCompile Include="RenderDevice\SceneBuffers.cpp">
      <Filter>RenderDevice</Filter>
    </ClCompile>
    <ClCompile Include="RenderDevice\SceneRenderPass.cpp">
      <Filter>RenderDevice</Filter>
    </ClCompile>
    <ClCompile Include="RenderDevice\SceneSamplers.cpp">
      <Filter>RenderDevice</Filter>
    </ClCompile>
    <ClCompile Include="RenderDevice\UVulkanRenderDevice.cpp">
      <Filter>RenderDevice</Filter>
    </ClCompile>
    <ClCompile Include="RenderDevice\VulkanBuilders.cpp">
      <Filter>RenderDevice</Filter>
    </ClCompile>
    <ClCompile Include="RenderDevice\VulkanDevice.cpp">
      <Filter>RenderDevice</Filter>
    </ClCompile>
    <ClCompile Include="RenderDevice\VulkanPostprocess.cpp">
      <Filter>RenderDevice</Filter>
    </ClCompile>
    <ClCompile Include="RenderDevice\VulkanSwapChain.cpp">
      <Filter>RenderDevice</Filter>
    </ClCompile>
    <ClCompile Include="RenderDevice\VulkanTexture.cpp">
      <Filter>RenderDevice</Filter>
    </ClCompile>
    <ClCompile Include="Viewport\UVulkanViewport.cpp">
      <Filter>Viewport</Filter>
    </ClCompile>
    <ClCompile Include="..\Thirdparty\vk_mem_alloc\vk_mem_alloc.cpp">
      <Filter>Thirdparty\vk_mem_alloc</Filter>
    </ClCompile>
    <ClCompile Include="..\Thirdparty\volk\volk.c">
      <Filter>Thirdparty\volk</Filter>
    </ClCompile>
    <ClCompile Include="Engine.cpp" />
    <ClCompile Include="RenderDevice\ShadowmapRenderPass.cpp">
      <Filter>RenderDevice</Filter>
    </ClCompile>
    <ClCompile Include="RenderDevice\SceneLights.cpp">
      <Filter>RenderDevice</Filter>
    </ClCompile>
    <ClCompile Include="FrustumPlanes.cpp" />
    <ClCompile Include="Font.cpp" />
    <ClCompile Include="Mesh.cpp" />
  </ItemGroup>
  <ItemGroup>
    <ClInclude Include="Math\halffloat.h">
      <Filter>Math</Filter>
    </ClInclude>
    <ClInclude Include="Math\mat.h">
      <Filter>Math</Filter>
    </ClInclude>
    <ClInclude Include="Math\quaternion.h">
      <Filter>Math</Filter>
    </ClInclude>
    <ClInclude Include="Math\vec.h">
      <Filter>Math</Filter>
    </ClInclude>
    <ClInclude Include="BinaryStream.h" />
    <ClInclude Include="File.h" />
    <ClInclude Include="Level.h" />
    <ClInclude Include="Package.h" />
    <ClInclude Include="PackageManager.h" />
    <ClInclude Include="PackageObject.h" />
    <ClInclude Include="Precomp.h" />
    <ClInclude Include="TextureManager.h" />
    <ClInclude Include="RenderDevice\FileResource.h">
      <Filter>RenderDevice</Filter>
    </ClInclude>
    <ClInclude Include="RenderDevice\PixelBuffer.h">
      <Filter>RenderDevice</Filter>
    </ClInclude>
    <ClInclude Include="RenderDevice\Postprocess.h">
      <Filter>RenderDevice</Filter>
    </ClInclude>
    <ClInclude Include="RenderDevice\Renderer.h">
      <Filter>RenderDevice</Filter>
    </ClInclude>
    <ClInclude Include="RenderDevice\SceneBuffers.h">
      <Filter>RenderDevice</Filter>
    </ClInclude>
    <ClInclude Include="RenderDevice\SceneRenderPass.h">
      <Filter>RenderDevice</Filter>
    </ClInclude>
    <ClInclude Include="RenderDevice\SceneSamplers.h">
      <Filter>RenderDevice</Filter>
    </ClInclude>
    <ClInclude Include="RenderDevice\UVulkanRenderDevice.h">
      <Filter>RenderDevice</Filter>
    </ClInclude>
    <ClInclude Include="RenderDevice\VulkanBuilders.h">
      <Filter>RenderDevice</Filter>
    </ClInclude>
    <ClInclude Include="RenderDevice\VulkanDevice.h">
      <Filter>RenderDevice</Filter>
    </ClInclude>
    <ClInclude Include="RenderDevice\VulkanObjects.h">
      <Filter>RenderDevice</Filter>
    </ClInclude>
    <ClInclude Include="RenderDevice\VulkanPostprocess.h">
      <Filter>RenderDevice</Filter>
    </ClInclude>
    <ClInclude Include="RenderDevice\VulkanSwapChain.h">
      <Filter>RenderDevice</Filter>
    </ClInclude>
    <ClInclude Include="RenderDevice\VulkanTexture.h">
      <Filter>RenderDevice</Filter>
    </ClInclude>
    <ClInclude Include="Viewport\UVulkanViewport.h">
      <Filter>Viewport</Filter>
    </ClInclude>
    <ClInclude Include="..\Thirdparty\vk_mem_alloc\vk_mem_alloc.h">
      <Filter>Thirdparty\vk_mem_alloc</Filter>
    </ClInclude>
    <ClInclude Include="..\Thirdparty\volk\volk.h">
      <Filter>Thirdparty\volk</Filter>
    </ClInclude>
    <ClInclude Include="Engine.h" />
    <ClInclude Include="RenderDevice\ShadowmapRenderPass.h">
      <Filter>RenderDevice</Filter>
    </ClInclude>
    <ClInclude Include="RenderDevice\SceneLights.h">
      <Filter>RenderDevice</Filter>
    </ClInclude>
    <ClInclude Include="FrustumPlanes.h" />
    <ClInclude Include="Font.h" />
    <ClInclude Include="Mesh.h" />
  </ItemGroup>
</Project>